
Microsoft Visual Studio Solution File, Format Version 12.00
# Visual Studio 14
VisualStudioVersion = 14.0.23107.0
MinimumVisualStudioVersion = 10.0.40219.1
Project("{FAE04EC0-301F-11D3-BF4B-00C04F79EFBC}") = "ec.JenkinsTest", "ec.JenkinsTest.csproj", "{28B9CD21-8926-4B4C-B5D9-42E934BF5A49}"
EndProject
Project("{FAE04EC0-301F-11D3-BF4B-00C04F79EFBC}") = "ec.JenkinsTest.Tests", "..\ec.JenkinsTest.Tests\ec.JenkinsTest.Tests.csproj", "{87B1BAE2-30DA-410A-9665-D3254C4BD79D}"
EndProject
Global
	GlobalSection(SolutionConfigurationPlatforms) = preSolution
		Debug|Any CPU = Debug|Any CPU
		Release|Any CPU = Release|Any CPU
	EndGlobalSection
	GlobalSection(ProjectConfigurationPlatforms) = postSolution
		{28B9CD21-8926-4B4C-B5D9-42E934BF5A49}.Debug|Any CPU.ActiveCfg = Debug|Any CPU
		{28B9CD21-8926-4B4C-B5D9-42E934BF5A49}.Debug|Any CPU.Build.0 = Debug|Any CPU
		{28B9CD21-8926-4B4C-B5D9-42E934BF5A49}.Release|Any CPU.ActiveCfg = Release|Any CPU
		{28B9CD21-8926-4B4C-B5D9-42E934BF5A49}.Release|Any CPU.Build.0 = Release|Any CPU
		{87B1BAE2-30DA-410A-9665-D3254C4BD79D}.Debug|Any CPU.ActiveCfg = Debug|Any CPU
		{87B1BAE2-30DA-410A-9665-D3254C4BD79D}.Debug|Any CPU.Build.0 = Debug|Any CPU
		{87B1BAE2-30DA-410A-9665-D3254C4BD79D}.Release|Any CPU.ActiveCfg = Release|Any CPU
		{87B1BAE2-30DA-410A-9665-D3254C4BD79D}.Release|Any CPU.Build.0 = Release|Any CPU
	EndGlobalSection
	GlobalSection(SolutionProperties) = preSolution
		HideSolutionNode = FALSE
	EndGlobalSection
EndGlobal
